
Microsoft Visual Studio Solution File, Format Version 12.00
# Visual Studio Version 17
VisualStudioVersion = 17.6.33829.357
MinimumVisualStudioVersion = 10.0.40219.1
Project("{8BC9CEB8-8B4A-11D0-8D11-00A0C91BC942}") = "cppwinrt", "cppwinrt\cppwinrt.vcxproj", "{D613FB39-5035-4043-91E2-BAB323908AF4}"
	ProjectSection(ProjectDependencies) = postProject
		{FB239623-7D19-4025-BCEA-B43298D4A315} = {FB239623-7D19-4025-BCEA-B43298D4A315}
	EndProjectSection
EndProject
Project("{8BC9CEB8-8B4A-11D0-8D11-00A0C91BC942}") = "prebuild", "prebuild\prebuild.vcxproj", "{FB239623-7D19-4025-BCEA-B43298D4A315}"
EndProject
Project("{2150E333-8FDC-42A3-9474-1A3956D46DE8}") = "old_tests", "old_tests", "{515B4F38-FD07-4C8B-94D0-BE3A813BB3EE}"
EndProject
Project("{8BC9CEB8-8B4A-11D0-8D11-00A0C91BC942}") = "test_old", "test\old_tests\UnitTests\Tests.vcxproj", "{C8B95FCB-9B0B-4E9F-B7D5-643883C192C9}"
	ProjectSection(ProjectDependencies) = postProject
		{559A7CF4-DC5F-4D62-BA6B-0C2B025593F8} = {559A7CF4-DC5F-4D62-BA6B-0C2B025593F8}
	EndProjectSection
EndProject
Project("{8BC9CEB8-8B4A-11D0-8D11-00A0C91BC942}") = "Component", "test\old_tests\Component\Component.vcxproj", "{559A7CF4-DC5F-4D62-BA6B-0C2B025593F8}"
	ProjectSection(ProjectDependencies) = postProject
		{152E4C6E-9A9D-4D5A-B38D-4905D173649A} = {152E4C6E-9A9D-4D5A-B38D-4905D173649A}
	EndProjectSection
EndProject
Project("{8BC9CEB8-8B4A-11D0-8D11-00A0C91BC942}") = "Composable", "test\old_tests\Composable\Composable.vcxproj", "{152E4C6E-9A9D-4D5A-B38D-4905D173649A}"
	ProjectSection(ProjectDependencies) = postProject
		{A91B8BF3-28E4-4D9E-8DBA-64B70E4F0270} = {A91B8BF3-28E4-4D9E-8DBA-64B70E4F0270}
		{D613FB39-5035-4043-91E2-BAB323908AF4} = {D613FB39-5035-4043-91E2-BAB323908AF4}
	EndProjectSection
EndProject
Project("{8BC9CEB8-8B4A-11D0-8D11-00A0C91BC942}") = "test_component", "test\test_component\test_component.vcxproj", "{A91B8BF3-28E4-4D9E-8DBA-64B70E4F0270}"
	ProjectSection(ProjectDependencies) = postProject
		{D613FB39-5035-4043-91E2-BAB323908AF4} = {D613FB39-5035-4043-91E2-BAB323908AF4}
	EndProjectSection
EndProject
Project("{8BC9CEB8-8B4A-11D0-8D11-00A0C91BC942}") = "test", "test\test\test.vcxproj", "{D2961EA1-A8CA-4A62-B760-948403DC8494}"
	ProjectSection(ProjectDependencies) = postProject
		{A91B8BF3-28E4-4D9E-8DBA-64B70E4F0270} = {A91B8BF3-28E4-4D9E-8DBA-64B70E4F0270}
		{D613FB39-5035-4043-91E2-BAB323908AF4} = {D613FB39-5035-4043-91E2-BAB323908AF4}
		{F1C915B3-2C64-4992-AFB7-7F035B1A7607} = {F1C915B3-2C64-4992-AFB7-7F035B1A7607}
	EndProjectSection
EndProject
Project("{8BC9CEB8-8B4A-11D0-8D11-00A0C91BC942}") = "test_component_folders", "test\test_component_folders\test_component_folders.vcxproj", "{85695954-3800-4558-9857-966E69E9F9EC}"
	ProjectSection(ProjectDependencies) = postProject
		{A91B8BF3-28E4-4D9E-8DBA-64B70E4F0270} = {A91B8BF3-28E4-4D9E-8DBA-64B70E4F0270}
		{D613FB39-5035-4043-91E2-BAB323908AF4} = {D613FB39-5035-4043-91E2-BAB323908AF4}
	EndProjectSection
EndProject
Project("{8BC9CEB8-8B4A-11D0-8D11-00A0C91BC942}") = "test_component_no_pch", "test\test_component_no_pch\test_component_no_pch.vcxproj", "{F1C915B3-2C64-4992-AFB7-7F035B1A7607}"
	ProjectSection(ProjectDependencies) = postProject
		{A91B8BF3-28E4-4D9E-8DBA-64B70E4F0270} = {A91B8BF3-28E4-4D9E-8DBA-64B70E4F0270}
		{D613FB39-5035-4043-91E2-BAB323908AF4} = {D613FB39-5035-4043-91E2-BAB323908AF4}
	EndProjectSection
EndProject
Project("{8BC9CEB8-8B4A-11D0-8D11-00A0C91BC942}") = "test_component_base", "test\test_component_base\test_component_base.vcxproj", "{13333A6F-6A4A-48CD-865C-0F65135EB018}"
	ProjectSection(ProjectDependencies) = postProject
		{A91B8BF3-28E4-4D9E-8DBA-64B70E4F0270} = {A91B8BF3-28E4-4D9E-8DBA-64B70E4F0270}
		{D613FB39-5035-4043-91E2-BAB323908AF4} = {D613FB39-5035-4043-91E2-BAB323908AF4}
	EndProjectSection
EndProject
Project("{8BC9CEB8-8B4A-11D0-8D11-00A0C91BC942}") = "test_component_derived", "test\test_component_derived\test_component_derived.vcxproj", "{0080F6D1-AEC3-4F89-ADE1-3D22A7EBF99E}"
	ProjectSection(ProjectDependencies) = postProject
		{13333A6F-6A4A-48CD-865C-0F65135EB018} = {13333A6F-6A4A-48CD-865C-0F65135EB018}
	EndProjectSection
EndProject
Project("{8BC9CEB8-8B4A-11D0-8D11-00A0C91BC942}") = "test_component_fast", "test\test_component_fast\test_component_fast.vcxproj", "{0E0ACA62-A92F-44CF-BD41-AEB541946DF8}"
	ProjectSection(ProjectDependencies) = postProject
		{A91B8BF3-28E4-4D9E-8DBA-64B70E4F0270} = {A91B8BF3-28E4-4D9E-8DBA-64B70E4F0270}
		{D613FB39-5035-4043-91E2-BAB323908AF4} = {D613FB39-5035-4043-91E2-BAB323908AF4}
	EndProjectSection
EndProject
Project("{8BC9CEB8-8B4A-11D0-8D11-00A0C91BC942}") = "test_fast", "test\test_fast\test_fast.vcxproj", "{F8A1FE5A-DC8A-49DF-B882-DEF76E38E484}"
	ProjectSection(ProjectDependencies) = postProject
		{0E0ACA62-A92F-44CF-BD41-AEB541946DF8} = {0E0ACA62-A92F-44CF-BD41-AEB541946DF8}
	EndProjectSection
EndProject
Project("{8BC9CEB8-8B4A-11D0-8D11-00A0C91BC942}") = "test_slow", "test\test_slow\test_slow.vcxproj", "{B68C61C6-4699-41E6-A158-EA1BE029E7A0}"
	ProjectSection(ProjectDependencies) = postProject
		{0E0ACA62-A92F-44CF-BD41-AEB541946DF8} = {0E0ACA62-A92F-44CF-BD41-AEB541946DF8}
	EndProjectSection
EndProject
Project("{8BC9CEB8-8B4A-11D0-8D11-00A0C91BC942}") = "test_fast_fwd", "test\test_fast_fwd\test_fast_fwd.vcxproj", "{303CC0FE-7D66-4F9F-B7A1-0AF7F9359074}"
	ProjectSection(ProjectDependencies) = postProject
		{0E0ACA62-A92F-44CF-BD41-AEB541946DF8} = {0E0ACA62-A92F-44CF-BD41-AEB541946DF8}
		{D613FB39-5035-4043-91E2-BAB323908AF4} = {D613FB39-5035-4043-91E2-BAB323908AF4}
	EndProjectSection
EndProject
Project("{8BC9CEB8-8B4A-11D0-8D11-00A0C91BC942}") = "fast_fwd", "fast_fwd\fast_fwd.vcxproj", "{A63B3AD1-AB7B-461E-9FFF-2447F5BCD459}"
EndProject
Project("{8BC9CEB8-8B4A-11D0-8D11-00A0C91BC942}") = "scratch", "scratch\scratch.vcxproj", "{E893622C-47DE-4F83-B422-0A26711590A4}"
	ProjectSection(ProjectDependencies) = postProject
		{D613FB39-5035-4043-91E2-BAB323908AF4} = {D613FB39-5035-4043-91E2-BAB323908AF4}
	EndProjectSection
EndProject
Project("{8BC9CEB8-8B4A-11D0-8D11-00A0C91BC942}") = "test_module_lock_none", "test\test_module_lock_none\test_module_lock_none.vcxproj", "{D48A96C2-8512-4CC3-B6E4-7CFF07ED8ED3}"
	ProjectSection(ProjectDependencies) = postProject
		{0080F6D1-AEC3-4F89-ADE1-3D22A7EBF99E} = {0080F6D1-AEC3-4F89-ADE1-3D22A7EBF99E}
		{13333A6F-6A4A-48CD-865C-0F65135EB018} = {13333A6F-6A4A-48CD-865C-0F65135EB018}
		{D613FB39-5035-4043-91E2-BAB323908AF4} = {D613FB39-5035-4043-91E2-BAB323908AF4}
	EndProjectSection
EndProject
Project("{8BC9CEB8-8B4A-11D0-8D11-00A0C91BC942}") = "test_module_lock_custom", "test\test_module_lock_custom\test_module_lock_custom.vcxproj", "{08C40663-B6A3-481E-8755-AE32BAD99501}"
	ProjectSection(ProjectDependencies) = postProject
		{A91B8BF3-28E4-4D9E-8DBA-64B70E4F0270} = {A91B8BF3-28E4-4D9E-8DBA-64B70E4F0270}
		{D613FB39-5035-4043-91E2-BAB323908AF4} = {D613FB39-5035-4043-91E2-BAB323908AF4}
	EndProjectSection
EndProject
Project("{2150E333-8FDC-42A3-9474-1A3956D46DE8}") = "test", "test", "{3C7EA5F8-6E8C-4376-B499-2CAF596384B0}"
EndProject
Project("{8BC9CEB8-8B4A-11D0-8D11-00A0C91BC942}") = "test_cpp20", "test\test_cpp20\test_cpp20.vcxproj", "{5FF6CD6C-515A-4D55-97B6-62AD9BCB77EA}"
	ProjectSection(ProjectDependencies) = postProject
		{A91B8BF3-28E4-4D9E-8DBA-64B70E4F0270} = {A91B8BF3-28E4-4D9E-8DBA-64B70E4F0270}
		{D613FB39-5035-4043-91E2-BAB323908AF4} = {D613FB39-5035-4043-91E2-BAB323908AF4}
	EndProjectSection
EndProject
Project("{8BC9CEB8-8B4A-11D0-8D11-00A0C91BC942}") = "test_cpp20_no_sourcelocation", "test\test_cpp20_no_sourcelocation\test_cpp20_no_sourcelocation.vcxproj", "{D4C8F881-84D5-4A7B-8BDE-AB4E34A05374}"
	ProjectSection(ProjectDependencies) = postProject
		{A91B8BF3-28E4-4D9E-8DBA-64B70E4F0270} = {A91B8BF3-28E4-4D9E-8DBA-64B70E4F0270}
		{D613FB39-5035-4043-91E2-BAB323908AF4} = {D613FB39-5035-4043-91E2-BAB323908AF4}
	EndProjectSection
EndProject
Project("{2150E333-8FDC-42A3-9474-1A3956D46DE8}") = "Solution Items", "Solution Items", "{D15C8430-A7CD-4616-BD84-243B26A9F1C2}"
	ProjectSection(SolutionItems) = preProject
		build_nuget.cmd = build_nuget.cmd
		build_prior_projection.cmd = build_prior_projection.cmd
		build_projection.cmd = build_projection.cmd
		build_test_all.cmd = build_test_all.cmd
		build_vsix.cmd = build_vsix.cmd
		compile_tests.cmd = compile_tests.cmd
		prepare_versionless_diffs.cmd = prepare_versionless_diffs.cmd
		README.md = README.md
		run_tests.cmd = run_tests.cmd
	EndProjectSection
EndProject
Global
	GlobalSection(SolutionConfigurationPlatforms) = preSolution
		Debug|ARM64 = Debug|ARM64
		Debug|x64 = Debug|x64
		Debug|x86 = Debug|x86
		Release|ARM64 = Release|ARM64
		Release|x64 = Release|x64
		Release|x86 = Release|x86
	EndGlobalSection
	GlobalSection(ProjectConfigurationPlatforms) = postSolution
		{D613FB39-5035-4043-91E2-BAB323908AF4}.Debug|ARM64.ActiveCfg = Debug|ARM64
		{D613FB39-5035-4043-91E2-BAB323908AF4}.Debug|ARM64.Build.0 = Debug|ARM64
		{D613FB39-5035-4043-91E2-BAB323908AF4}.Debug|x64.ActiveCfg = Debug|x64
		{D613FB39-5035-4043-91E2-BAB323908AF4}.Debug|x64.Build.0 = Debug|x64
		{D613FB39-5035-4043-91E2-BAB323908AF4}.Debug|x86.ActiveCfg = Debug|Win32
		{D613FB39-5035-4043-91E2-BAB323908AF4}.Debug|x86.Build.0 = Debug|Win32
		{D613FB39-5035-4043-91E2-BAB323908AF4}.Release|ARM64.ActiveCfg = Release|ARM64
		{D613FB39-5035-4043-91E2-BAB323908AF4}.Release|ARM64.Build.0 = Release|ARM64
		{D613FB39-5035-4043-91E2-BAB323908AF4}.Release|x64.ActiveCfg = Release|x64
		{D613FB39-5035-4043-91E2-BAB323908AF4}.Release|x64.Build.0 = Release|x64
		{D613FB39-5035-4043-91E2-BAB323908AF4}.Release|x86.ActiveCfg = Release|Win32
		{D613FB39-5035-4043-91E2-BAB323908AF4}.Release|x86.Build.0 = Release|Win32
		{FB239623-7D19-4025-BCEA-B43298D4A315}.Debug|ARM64.ActiveCfg = Debug|ARM64
		{FB239623-7D19-4025-BCEA-B43298D4A315}.Debug|ARM64.Build.0 = Debug|ARM64
		{FB239623-7D19-4025-BCEA-B43298D4A315}.Debug|x64.ActiveCfg = Debug|x64
		{FB239623-7D19-4025-BCEA-B43298D4A315}.Debug|x64.Build.0 = Debug|x64
		{FB239623-7D19-4025-BCEA-B43298D4A315}.Debug|x86.ActiveCfg = Debug|Win32
		{FB239623-7D19-4025-BCEA-B43298D4A315}.Debug|x86.Build.0 = Debug|Win32
		{FB239623-7D19-4025-BCEA-B43298D4A315}.Release|ARM64.ActiveCfg = Release|ARM64
		{FB239623-7D19-4025-BCEA-B43298D4A315}.Release|ARM64.Build.0 = Release|ARM64
		{FB239623-7D19-4025-BCEA-B43298D4A315}.Release|x64.ActiveCfg = Release|x64
		{FB239623-7D19-4025-BCEA-B43298D4A315}.Release|x64.Build.0 = Release|x64
		{FB239623-7D19-4025-BCEA-B43298D4A315}.Release|x86.ActiveCfg = Release|Win32
		{FB239623-7D19-4025-BCEA-B43298D4A315}.Release|x86.Build.0 = Release|Win32
		{C8B95FCB-9B0B-4E9F-B7D5-643883C192C9}.Debug|ARM64.ActiveCfg = Debug|ARM64
		{C8B95FCB-9B0B-4E9F-B7D5-643883C192C9}.Debug|ARM64.Build.0 = Debug|ARM64
		{C8B95FCB-9B0B-4E9F-B7D5-643883C192C9}.Debug|x64.ActiveCfg = Debug|x64
		{C8B95FCB-9B0B-4E9F-B7D5-643883C192C9}.Debug|x64.Build.0 = Debug|x64
		{C8B95FCB-9B0B-4E9F-B7D5-643883C192C9}.Debug|x86.ActiveCfg = Debug|Win32
		{C8B95FCB-9B0B-4E9F-B7D5-643883C192C9}.Debug|x86.Build.0 = Debug|Win32
		{C8B95FCB-9B0B-4E9F-B7D5-643883C192C9}.Release|ARM64.ActiveCfg = Release|ARM64
		{C8B95FCB-9B0B-4E9F-B7D5-643883C192C9}.Release|ARM64.Build.0 = Release|ARM64
		{C8B95FCB-9B0B-4E9F-B7D5-643883C192C9}.Release|x64.ActiveCfg = Release|x64
		{C8B95FCB-9B0B-4E9F-B7D5-643883C192C9}.Release|x64.Build.0 = Release|x64
		{C8B95FCB-9B0B-4E9F-B7D5-643883C192C9}.Release|x86.ActiveCfg = Release|Win32
		{C8B95FCB-9B0B-4E9F-B7D5-643883C192C9}.Release|x86.Build.0 = Release|Win32
		{559A7CF4-DC5F-4D62-BA6B-0C2B025593F8}.Debug|ARM64.ActiveCfg = Debug|ARM64
		{559A7CF4-DC5F-4D62-BA6B-0C2B025593F8}.Debug|ARM64.Build.0 = Debug|ARM64
		{559A7CF4-DC5F-4D62-BA6B-0C2B025593F8}.Debug|x64.ActiveCfg = Debug|x64
		{559A7CF4-DC5F-4D62-BA6B-0C2B025593F8}.Debug|x64.Build.0 = Debug|x64
		{559A7CF4-DC5F-4D62-BA6B-0C2B025593F8}.Debug|x86.ActiveCfg = Debug|Win32
		{559A7CF4-DC5F-4D62-BA6B-0C2B025593F8}.Debug|x86.Build.0 = Debug|Win32
		{559A7CF4-DC5F-4D62-BA6B-0C2B025593F8}.Release|ARM64.ActiveCfg = Release|ARM64
		{559A7CF4-DC5F-4D62-BA6B-0C2B025593F8}.Release|ARM64.Build.0 = Release|ARM64
		{559A7CF4-DC5F-4D62-BA6B-0C2B025593F8}.Release|x64.ActiveCfg = Release|x64
		{559A7CF4-DC5F-4D62-BA6B-0C2B025593F8}.Release|x64.Build.0 = Release|x64
		{559A7CF4-DC5F-4D62-BA6B-0C2B025593F8}.Release|x86.ActiveCfg = Release|Win32
		{559A7CF4-DC5F-4D62-BA6B-0C2B025593F8}.Release|x86.Build.0 = Release|Win32
		{152E4C6E-9A9D-4D5A-B38D-4905D173649A}.Debug|ARM64.ActiveCfg = Debug|ARM64
		{152E4C6E-9A9D-4D5A-B38D-4905D173649A}.Debug|ARM64.Build.0 = Debug|ARM64
		{152E4C6E-9A9D-4D5A-B38D-4905D173649A}.Debug|x64.ActiveCfg = Debug|x64
		{152E4C6E-9A9D-4D5A-B38D-4905D173649A}.Debug|x64.Build.0 = Debug|x64
		{152E4C6E-9A9D-4D5A-B38D-4905D173649A}.Debug|x86.ActiveCfg = Debug|Win32
		{152E4C6E-9A9D-4D5A-B38D-4905D173649A}.Debug|x86.Build.0 = Debug|Win32
		{152E4C6E-9A9D-4D5A-B38D-4905D173649A}.Release|ARM64.ActiveCfg = Release|ARM64
		{152E4C6E-9A9D-4D5A-B38D-4905D173649A}.Release|ARM64.Build.0 = Release|ARM64
		{152E4C6E-9A9D-4D5A-B38D-4905D173649A}.Release|x64.ActiveCfg = Release|x64
		{152E4C6E-9A9D-4D5A-B38D-4905D173649A}.Release|x64.Build.0 = Release|x64
		{152E4C6E-9A9D-4D5A-B38D-4905D173649A}.Release|x86.ActiveCfg = Release|Win32
		{152E4C6E-9A9D-4D5A-B38D-4905D173649A}.Release|x86.Build.0 = Release|Win32
		{A91B8BF3-28E4-4D9E-8DBA-64B70E4F0270}.Debug|ARM64.ActiveCfg = Debug|ARM64
		{A91B8BF3-28E4-4D9E-8DBA-64B70E4F0270}.Debug|ARM64.Build.0 = Debug|ARM64
		{A91B8BF3-28E4-4D9E-8DBA-64B70E4F0270}.Debug|x64.ActiveCfg = Debug|x64
		{A91B8BF3-28E4-4D9E-8DBA-64B70E4F0270}.Debug|x64.Build.0 = Debug|x64
		{A91B8BF3-28E4-4D9E-8DBA-64B70E4F0270}.Debug|x86.ActiveCfg = Debug|Win32
		{A91B8BF3-28E4-4D9E-8DBA-64B70E4F0270}.Debug|x86.Build.0 = Debug|Win32
		{A91B8BF3-28E4-4D9E-8DBA-64B70E4F0270}.Release|ARM64.ActiveCfg = Release|ARM64
		{A91B8BF3-28E4-4D9E-8DBA-64B70E4F0270}.Release|ARM64.Build.0 = Release|ARM64
		{A91B8BF3-28E4-4D9E-8DBA-64B70E4F0270}.Release|x64.ActiveCfg = Release|x64
		{A91B8BF3-28E4-4D9E-8DBA-64B70E4F0270}.Release|x64.Build.0 = Release|x64
		{A91B8BF3-28E4-4D9E-8DBA-64B70E4F0270}.Release|x86.ActiveCfg = Release|Win32
		{A91B8BF3-28E4-4D9E-8DBA-64B70E4F0270}.Release|x86.Build.0 = Release|Win32
		{D2961EA1-A8CA-4A62-B760-948403DC8494}.Debug|ARM64.ActiveCfg = Debug|ARM64
		{D2961EA1-A8CA-4A62-B760-948403DC8494}.Debug|ARM64.Build.0 = Debug|ARM64
		{D2961EA1-A8CA-4A62-B760-948403DC8494}.Debug|x64.ActiveCfg = Debug|x64
		{D2961EA1-A8CA-4A62-B760-948403DC8494}.Debug|x64.Build.0 = Debug|x64
		{D2961EA1-A8CA-4A62-B760-948403DC8494}.Debug|x86.ActiveCfg = Debug|Win32
		{D2961EA1-A8CA-4A62-B760-948403DC8494}.Debug|x86.Build.0 = Debug|Win32
		{D2961EA1-A8CA-4A62-B760-948403DC8494}.Release|ARM64.ActiveCfg = Release|ARM64
		{D2961EA1-A8CA-4A62-B760-948403DC8494}.Release|ARM64.Build.0 = Release|ARM64
		{D2961EA1-A8CA-4A62-B760-948403DC8494}.Release|x64.ActiveCfg = Release|x64
		{D2961EA1-A8CA-4A62-B760-948403DC8494}.Release|x64.Build.0 = Release|x64
		{D2961EA1-A8CA-4A62-B760-948403DC8494}.Release|x86.ActiveCfg = Release|Win32
		{D2961EA1-A8CA-4A62-B760-948403DC8494}.Release|x86.Build.0 = Release|Win32
		{85695954-3800-4558-9857-966E69E9F9EC}.Debug|ARM64.ActiveCfg = Debug|ARM64
		{85695954-3800-4558-9857-966E69E9F9EC}.Debug|ARM64.Build.0 = Debug|ARM64
		{85695954-3800-4558-9857-966E69E9F9EC}.Debug|x64.ActiveCfg = Debug|x64
		{85695954-3800-4558-9857-966E69E9F9EC}.Debug|x64.Build.0 = Debug|x64
		{85695954-3800-4558-9857-966E69E9F9EC}.Debug|x86.ActiveCfg = Debug|Win32
		{85695954-3800-4558-9857-966E69E9F9EC}.Debug|x86.Build.0 = Debug|Win32
		{85695954-3800-4558-9857-966E69E9F9EC}.Release|ARM64.ActiveCfg = Release|ARM64
		{85695954-3800-4558-9857-966E69E9F9EC}.Release|ARM64.Build.0 = Release|ARM64
		{85695954-3800-4558-9857-966E69E9F9EC}.Release|x64.ActiveCfg = Release|x64
		{85695954-3800-4558-9857-966E69E9F9EC}.Release|x64.Build.0 = Release|x64
		{85695954-3800-4558-9857-966E69E9F9EC}.Release|x86.ActiveCfg = Release|Win32
		{85695954-3800-4558-9857-966E69E9F9EC}.Release|x86.Build.0 = Release|Win32
		{F1C915B3-2C64-4992-AFB7-7F035B1A7607}.Debug|ARM64.ActiveCfg = Debug|ARM64
		{F1C915B3-2C64-4992-AFB7-7F035B1A7607}.Debug|ARM64.Build.0 = Debug|ARM64
		{F1C915B3-2C64-4992-AFB7-7F035B1A7607}.Debug|x64.ActiveCfg = Debug|x64
		{F1C915B3-2C64-4992-AFB7-7F035B1A7607}.Debug|x64.Build.0 = Debug|x64
		{F1C915B3-2C64-4992-AFB7-7F035B1A7607}.Debug|x86.ActiveCfg = Debug|Win32
		{F1C915B3-2C64-4992-AFB7-7F035B1A7607}.Debug|x86.Build.0 = Debug|Win32
		{F1C915B3-2C64-4992-AFB7-7F035B1A7607}.Release|ARM64.ActiveCfg = Release|ARM64
		{F1C915B3-2C64-4992-AFB7-7F035B1A7607}.Release|ARM64.Build.0 = Release|ARM64
		{F1C915B3-2C64-4992-AFB7-7F035B1A7607}.Release|x64.ActiveCfg = Release|x64
		{F1C915B3-2C64-4992-AFB7-7F035B1A7607}.Release|x64.Build.0 = Release|x64
		{F1C915B3-2C64-4992-AFB7-7F035B1A7607}.Release|x86.ActiveCfg = Release|Win32
		{F1C915B3-2C64-4992-AFB7-7F035B1A7607}.Release|x86.Build.0 = Release|Win32
		{13333A6F-6A4A-48CD-865C-0F65135EB018}.Debug|ARM64.ActiveCfg = Debug|ARM64
		{13333A6F-6A4A-48CD-865C-0F65135EB018}.Debug|ARM64.Build.0 = Debug|ARM64
		{13333A6F-6A4A-48CD-865C-0F65135EB018}.Debug|x64.ActiveCfg = Debug|x64
		{13333A6F-6A4A-48CD-865C-0F65135EB018}.Debug|x64.Build.0 = Debug|x64
		{13333A6F-6A4A-48CD-865C-0F65135EB018}.Debug|x86.ActiveCfg = Debug|Win32
		{13333A6F-6A4A-48CD-865C-0F65135EB018}.Debug|x86.Build.0 = Debug|Win32
		{13333A6F-6A4A-48CD-865C-0F65135EB018}.Release|ARM64.ActiveCfg = Release|ARM64
		{13333A6F-6A4A-48CD-865C-0F65135EB018}.Release|ARM64.Build.0 = Release|ARM64
		{13333A6F-6A4A-48CD-865C-0F65135EB018}.Release|x64.ActiveCfg = Release|x64
		{13333A6F-6A4A-48CD-865C-0F65135EB018}.Release|x64.Build.0 = Release|x64
		{13333A6F-6A4A-48CD-865C-0F65135EB018}.Release|x86.ActiveCfg = Release|Win32
		{13333A6F-6A4A-48CD-865C-0F65135EB018}.Release|x86.Build.0 = Release|Win32
		{0080F6D1-AEC3-4F89-ADE1-3D22A7EBF99E}.Debug|ARM64.ActiveCfg = Debug|ARM64
		{0080F6D1-AEC3-4F89-ADE1-3D22A7EBF99E}.Debug|ARM64.Build.0 = Debug|ARM64
		{0080F6D1-AEC3-4F89-ADE1-3D22A7EBF99E}.Debug|x64.ActiveCfg = Debug|x64
		{0080F6D1-AEC3-4F89-ADE1-3D22A7EBF99E}.Debug|x64.Build.0 = Debug|x64
		{0080F6D1-AEC3-4F89-ADE1-3D22A7EBF99E}.Debug|x86.ActiveCfg = Debug|Win32
		{0080F6D1-AEC3-4F89-ADE1-3D22A7EBF99E}.Debug|x86.Build.0 = Debug|Win32
		{0080F6D1-AEC3-4F89-ADE1-3D22A7EBF99E}.Release|ARM64.ActiveCfg = Release|ARM64
		{0080F6D1-AEC3-4F89-ADE1-3D22A7EBF99E}.Release|ARM64.Build.0 = Release|ARM64
		{0080F6D1-AEC3-4F89-ADE1-3D22A7EBF99E}.Release|x64.ActiveCfg = Release|x64
		{0080F6D1-AEC3-4F89-ADE1-3D22A7EBF99E}.Release|x64.Build.0 = Release|x64
		{0080F6D1-AEC3-4F89-ADE1-3D22A7EBF99E}.Release|x86.ActiveCfg = Release|Win32
		{0080F6D1-AEC3-4F89-ADE1-3D22A7EBF99E}.Release|x86.Build.0 = Release|Win32
		{0E0ACA62-A92F-44CF-BD41-AEB541946DF8}.Debug|ARM64.ActiveCfg = Debug|ARM64
		{0E0ACA62-A92F-44CF-BD41-AEB541946DF8}.Debug|ARM64.Build.0 = Debug|ARM64
		{0E0ACA62-A92F-44CF-BD41-AEB541946DF8}.Debug|x64.ActiveCfg = Debug|x64
		{0E0ACA62-A92F-44CF-BD41-AEB541946DF8}.Debug|x64.Build.0 = Debug|x64
		{0E0ACA62-A92F-44CF-BD41-AEB541946DF8}.Debug|x86.ActiveCfg = Debug|Win32
		{0E0ACA62-A92F-44CF-BD41-AEB541946DF8}.Debug|x86.Build.0 = Debug|Win32
		{0E0ACA62-A92F-44CF-BD41-AEB541946DF8}.Release|ARM64.ActiveCfg = Release|ARM64
		{0E0ACA62-A92F-44CF-BD41-AEB541946DF8}.Release|ARM64.Build.0 = Release|ARM64
		{0E0ACA62-A92F-44CF-BD41-AEB541946DF8}.Release|x64.ActiveCfg = Release|x64
		{0E0ACA62-A92F-44CF-BD41-AEB541946DF8}.Release|x64.Build.0 = Release|x64
		{0E0ACA62-A92F-44CF-BD41-AEB541946DF8}.Release|x86.ActiveCfg = Release|Win32
		{0E0ACA62-A92F-44CF-BD41-AEB541946DF8}.Release|x86.Build.0 = Release|Win32
		{F8A1FE5A-DC8A-49DF-B882-DEF76E38E484}.Debug|ARM64.ActiveCfg = Debug|ARM64
		{F8A1FE5A-DC8A-49DF-B882-DEF76E38E484}.Debug|ARM64.Build.0 = Debug|ARM64
		{F8A1FE5A-DC8A-49DF-B882-DEF76E38E484}.Debug|x64.ActiveCfg = Debug|x64
		{F8A1FE5A-DC8A-49DF-B882-DEF76E38E484}.Debug|x64.Build.0 = Debug|x64
		{F8A1FE5A-DC8A-49DF-B882-DEF76E38E484}.Debug|x86.ActiveCfg = Debug|Win32
		{F8A1FE5A-DC8A-49DF-B882-DEF76E38E484}.Debug|x86.Build.0 = Debug|Win32
		{F8A1FE5A-DC8A-49DF-B882-DEF76E38E484}.Release|ARM64.ActiveCfg = Release|ARM64
		{F8A1FE5A-DC8A-49DF-B882-DEF76E38E484}.Release|ARM64.Build.0 = Release|ARM64
		{F8A1FE5A-DC8A-49DF-B882-DEF76E38E484}.Release|x64.ActiveCfg = Release|x64
		{F8A1FE5A-DC8A-49DF-B882-DEF76E38E484}.Release|x64.Build.0 = Release|x64
		{F8A1FE5A-DC8A-49DF-B882-DEF76E38E484}.Release|x86.ActiveCfg = Release|Win32
		{F8A1FE5A-DC8A-49DF-B882-DEF76E38E484}.Release|x86.Build.0 = Release|Win32
		{B68C61C6-4699-41E6-A158-EA1BE029E7A0}.Debug|ARM64.ActiveCfg = Debug|ARM64
		{B68C61C6-4699-41E6-A158-EA1BE029E7A0}.Debug|ARM64.Build.0 = Debug|ARM64
		{B68C61C6-4699-41E6-A158-EA1BE029E7A0}.Debug|x64.ActiveCfg = Debug|x64
		{B68C61C6-4699-41E6-A158-EA1BE029E7A0}.Debug|x64.Build.0 = Debug|x64
		{B68C61C6-4699-41E6-A158-EA1BE029E7A0}.Debug|x86.ActiveCfg = Debug|Win32
		{B68C61C6-4699-41E6-A158-EA1BE029E7A0}.Debug|x86.Build.0 = Debug|Win32
		{B68C61C6-4699-41E6-A158-EA1BE029E7A0}.Release|ARM64.ActiveCfg = Release|ARM64
		{B68C61C6-4699-41E6-A158-EA1BE029E7A0}.Release|ARM64.Build.0 = Release|ARM64
		{B68C61C6-4699-41E6-A158-EA1BE029E7A0}.Release|x64.ActiveCfg = Release|x64
		{B68C61C6-4699-41E6-A158-EA1BE029E7A0}.Release|x64.Build.0 = Release|x64
		{B68C61C6-4699-41E6-A158-EA1BE029E7A0}.Release|x86.ActiveCfg = Release|Win32
		{B68C61C6-4699-41E6-A158-EA1BE029E7A0}.Release|x86.Build.0 = Release|Win32
		{303CC0FE-7D66-4F9F-B7A1-0AF7F9359074}.Debug|ARM64.ActiveCfg = Debug|ARM64
		{303CC0FE-7D66-4F9F-B7A1-0AF7F9359074}.Debug|ARM64.Build.0 = Debug|ARM64
		{303CC0FE-7D66-4F9F-B7A1-0AF7F9359074}.Debug|x64.ActiveCfg = Debug|x64
		{303CC0FE-7D66-4F9F-B7A1-0AF7F9359074}.Debug|x64.Build.0 = Debug|x64
		{303CC0FE-7D66-4F9F-B7A1-0AF7F9359074}.Debug|x86.ActiveCfg = Debug|Win32
		{303CC0FE-7D66-4F9F-B7A1-0AF7F9359074}.Debug|x86.Build.0 = Debug|Win32
		{303CC0FE-7D66-4F9F-B7A1-0AF7F9359074}.Release|ARM64.ActiveCfg = Release|ARM64
		{303CC0FE-7D66-4F9F-B7A1-0AF7F9359074}.Release|ARM64.Build.0 = Release|ARM64
		{303CC0FE-7D66-4F9F-B7A1-0AF7F9359074}.Release|x64.ActiveCfg = Release|x64
		{303CC0FE-7D66-4F9F-B7A1-0AF7F9359074}.Release|x64.Build.0 = Release|x64
		{303CC0FE-7D66-4F9F-B7A1-0AF7F9359074}.Release|x86.ActiveCfg = Release|Win32
		{303CC0FE-7D66-4F9F-B7A1-0AF7F9359074}.Release|x86.Build.0 = Release|Win32
		{A63B3AD1-AB7B-461E-9FFF-2447F5BCD459}.Debug|ARM64.ActiveCfg = Debug|ARM64
		{A63B3AD1-AB7B-461E-9FFF-2447F5BCD459}.Debug|ARM64.Build.0 = Debug|ARM64
		{A63B3AD1-AB7B-461E-9FFF-2447F5BCD459}.Debug|x64.ActiveCfg = Debug|x64
		{A63B3AD1-AB7B-461E-9FFF-2447F5BCD459}.Debug|x64.Build.0 = Debug|x64
		{A63B3AD1-AB7B-461E-9FFF-2447F5BCD459}.Debug|x86.ActiveCfg = Debug|Win32
		{A63B3AD1-AB7B-461E-9FFF-2447F5BCD459}.Debug|x86.Build.0 = Debug|Win32
		{A63B3AD1-AB7B-461E-9FFF-2447F5BCD459}.Release|ARM64.ActiveCfg = Release|ARM64
		{A63B3AD1-AB7B-461E-9FFF-2447F5BCD459}.Release|ARM64.Build.0 = Release|ARM64
		{A63B3AD1-AB7B-461E-9FFF-2447F5BCD459}.Release|x64.ActiveCfg = Release|x64
		{A63B3AD1-AB7B-461E-9FFF-2447F5BCD459}.Release|x64.Build.0 = Release|x64
		{A63B3AD1-AB7B-461E-9FFF-2447F5BCD459}.Release|x86.ActiveCfg = Release|Win32
		{A63B3AD1-AB7B-461E-9FFF-2447F5BCD459}.Release|x86.Build.0 = Release|Win32
		{E893622C-47DE-4F83-B422-0A26711590A4}.Debug|ARM64.ActiveCfg = Debug|ARM64
		{E893622C-47DE-4F83-B422-0A26711590A4}.Debug|ARM64.Build.0 = Debug|ARM64
		{E893622C-47DE-4F83-B422-0A26711590A4}.Debug|x64.ActiveCfg = Debug|x64
		{E893622C-47DE-4F83-B422-0A26711590A4}.Debug|x64.Build.0 = Debug|x64
		{E893622C-47DE-4F83-B422-0A26711590A4}.Debug|x86.ActiveCfg = Debug|Win32
		{E893622C-47DE-4F83-B422-0A26711590A4}.Debug|x86.Build.0 = Debug|Win32
		{E893622C-47DE-4F83-B422-0A26711590A4}.Release|ARM64.ActiveCfg = Release|ARM64
		{E893622C-47DE-4F83-B422-0A26711590A4}.Release|ARM64.Build.0 = Release|ARM64
		{E893622C-47DE-4F83-B422-0A26711590A4}.Release|x64.ActiveCfg = Release|x64
		{E893622C-47DE-4F83-B422-0A26711590A4}.Release|x64.Build.0 = Release|x64
		{E893622C-47DE-4F83-B422-0A26711590A4}.Release|x86.ActiveCfg = Release|Win32
		{E893622C-47DE-4F83-B422-0A26711590A4}.Release|x86.Build.0 = Release|Win32
		{D48A96C2-8512-4CC3-B6E4-7CFF07ED8ED3}.Debug|ARM64.ActiveCfg = Debug|ARM64
		{D48A96C2-8512-4CC3-B6E4-7CFF07ED8ED3}.Debug|ARM64.Build.0 = Debug|ARM64
		{D48A96C2-8512-4CC3-B6E4-7CFF07ED8ED3}.Debug|x64.ActiveCfg = Debug|x64
		{D48A96C2-8512-4CC3-B6E4-7CFF07ED8ED3}.Debug|x64.Build.0 = Debug|x64
		{D48A96C2-8512-4CC3-B6E4-7CFF07ED8ED3}.Debug|x86.ActiveCfg = Debug|Win32
		{D48A96C2-8512-4CC3-B6E4-7CFF07ED8ED3}.Debug|x86.Build.0 = Debug|Win32
		{D48A96C2-8512-4CC3-B6E4-7CFF07ED8ED3}.Release|ARM64.ActiveCfg = Release|ARM64
		{D48A96C2-8512-4CC3-B6E4-7CFF07ED8ED3}.Release|ARM64.Build.0 = Release|ARM64
		{D48A96C2-8512-4CC3-B6E4-7CFF07ED8ED3}.Release|x64.ActiveCfg = Release|x64
		{D48A96C2-8512-4CC3-B6E4-7CFF07ED8ED3}.Release|x64.Build.0 = Release|x64
		{D48A96C2-8512-4CC3-B6E4-7CFF07ED8ED3}.Release|x86.ActiveCfg = Release|Win32
		{D48A96C2-8512-4CC3-B6E4-7CFF07ED8ED3}.Release|x86.Build.0 = Release|Win32
		{08C40663-B6A3-481E-8755-AE32BAD99501}.Debug|ARM64.ActiveCfg = Debug|ARM64
		{08C40663-B6A3-481E-8755-AE32BAD99501}.Debug|ARM64.Build.0 = Debug|ARM64
		{08C40663-B6A3-481E-8755-AE32BAD99501}.Debug|x64.ActiveCfg = Debug|x64
		{08C40663-B6A3-481E-8755-AE32BAD99501}.Debug|x64.Build.0 = Debug|x64
		{08C40663-B6A3-481E-8755-AE32BAD99501}.Debug|x86.ActiveCfg = Debug|Win32
		{08C40663-B6A3-481E-8755-AE32BAD99501}.Debug|x86.Build.0 = Debug|Win32
		{08C40663-B6A3-481E-8755-AE32BAD99501}.Release|ARM64.ActiveCfg = Release|ARM64
		{08C40663-B6A3-481E-8755-AE32BAD99501}.Release|ARM64.Build.0 = Release|ARM64
		{08C40663-B6A3-481E-8755-AE32BAD99501}.Release|x64.ActiveCfg = Release|x64
		{08C40663-B6A3-481E-8755-AE32BAD99501}.Release|x64.Build.0 = Release|x64
		{08C40663-B6A3-481E-8755-AE32BAD99501}.Release|x86.ActiveCfg = Release|Win32
		{08C40663-B6A3-481E-8755-AE32BAD99501}.Release|x86.Build.0 = Release|Win32
		{5FF6CD6C-515A-4D55-97B6-62AD9BCB77EA}.Debug|ARM64.ActiveCfg = Debug|ARM64
		{5FF6CD6C-515A-4D55-97B6-62AD9BCB77EA}.Debug|ARM64.Build.0 = Debug|ARM64
		{5FF6CD6C-515A-4D55-97B6-62AD9BCB77EA}.Debug|x64.ActiveCfg = Debug|x64
		{5FF6CD6C-515A-4D55-97B6-62AD9BCB77EA}.Debug|x64.Build.0 = Debug|x64
		{5FF6CD6C-515A-4D55-97B6-62AD9BCB77EA}.Debug|x86.ActiveCfg = Debug|Win32
		{5FF6CD6C-515A-4D55-97B6-62AD9BCB77EA}.Debug|x86.Build.0 = Debug|Win32
		{5FF6CD6C-515A-4D55-97B6-62AD9BCB77EA}.Release|ARM64.ActiveCfg = Release|ARM64
		{5FF6CD6C-515A-4D55-97B6-62AD9BCB77EA}.Release|ARM64.Build.0 = Release|ARM64
		{5FF6CD6C-515A-4D55-97B6-62AD9BCB77EA}.Release|x64.ActiveCfg = Release|x64
		{5FF6CD6C-515A-4D55-97B6-62AD9BCB77EA}.Release|x64.Build.0 = Release|x64
		{5FF6CD6C-515A-4D55-97B6-62AD9BCB77EA}.Release|x86.ActiveCfg = Release|Win32
		{5FF6CD6C-515A-4D55-97B6-62AD9BCB77EA}.Release|x86.Build.0 = Release|Win32
		{D4C8F881-84D5-4A7B-8BDE-AB4E34A05374}.Debug|ARM64.ActiveCfg = Debug|ARM64
		{D4C8F881-84D5-4A7B-8BDE-AB4E34A05374}.Debug|ARM64.Build.0 = Debug|ARM64
		{D4C8F881-84D5-4A7B-8BDE-AB4E34A05374}.Debug|x64.ActiveCfg = Debug|x64
		{D4C8F881-84D5-4A7B-8BDE-AB4E34A05374}.Debug|x64.Build.0 = Debug|x64
		{D4C8F881-84D5-4A7B-8BDE-AB4E34A05374}.Debug|x86.ActiveCfg = Debug|Win32
		{D4C8F881-84D5-4A7B-8BDE-AB4E34A05374}.Debug|x86.Build.0 = Debug|Win32
		{D4C8F881-84D5-4A7B-8BDE-AB4E34A05374}.Release|ARM64.ActiveCfg = Release|ARM64
		{D4C8F881-84D5-4A7B-8BDE-AB4E34A05374}.Release|ARM64.Build.0 = Release|ARM64
		{D4C8F881-84D5-4A7B-8BDE-AB4E34A05374}.Release|x64.ActiveCfg = Release|x64
		{D4C8F881-84D5-4A7B-8BDE-AB4E34A05374}.Release|x64.Build.0 = Release|x64
		{D4C8F881-84D5-4A7B-8BDE-AB4E34A05374}.Release|x86.ActiveCfg = Release|Win32
		{D4C8F881-84D5-4A7B-8BDE-AB4E34A05374}.Release|x86.Build.0 = Release|Win32
	EndGlobalSection
	GlobalSection(SolutionProperties) = preSolution
		HideSolutionNode = FALSE
	EndGlobalSection
	GlobalSection(NestedProjects) = preSolution
		{515B4F38-FD07-4C8B-94D0-BE3A813BB3EE} = {3C7EA5F8-6E8C-4376-B499-2CAF596384B0}
		{C8B95FCB-9B0B-4E9F-B7D5-643883C192C9} = {515B4F38-FD07-4C8B-94D0-BE3A813BB3EE}
		{559A7CF4-DC5F-4D62-BA6B-0C2B025593F8} = {515B4F38-FD07-4C8B-94D0-BE3A813BB3EE}
		{152E4C6E-9A9D-4D5A-B38D-4905D173649A} = {515B4F38-FD07-4C8B-94D0-BE3A813BB3EE}
		{A91B8BF3-28E4-4D9E-8DBA-64B70E4F0270} = {3C7EA5F8-6E8C-4376-B499-2CAF596384B0}
		{D2961EA1-A8CA-4A62-B760-948403DC8494} = {3C7EA5F8-6E8C-4376-B499-2CAF596384B0}
		{85695954-3800-4558-9857-966E69E9F9EC} = {3C7EA5F8-6E8C-4376-B499-2CAF596384B0}
		{F1C915B3-2C64-4992-AFB7-7F035B1A7607} = {3C7EA5F8-6E8C-4376-B499-2CAF596384B0}
		{13333A6F-6A4A-48CD-865C-0F65135EB018} = {3C7EA5F8-6E8C-4376-B499-2CAF596384B0}
		{0080F6D1-AEC3-4F89-ADE1-3D22A7EBF99E} = {3C7EA5F8-6E8C-4376-B499-2CAF596384B0}
		{0E0ACA62-A92F-44CF-BD41-AEB541946DF8} = {3C7EA5F8-6E8C-4376-B499-2CAF596384B0}
		{F8A1FE5A-DC8A-49DF-B882-DEF76E38E484} = {3C7EA5F8-6E8C-4376-B499-2CAF596384B0}
		{B68C61C6-4699-41E6-A158-EA1BE029E7A0} = {3C7EA5F8-6E8C-4376-B499-2CAF596384B0}
		{303CC0FE-7D66-4F9F-B7A1-0AF7F9359074} = {3C7EA5F8-6E8C-4376-B499-2CAF596384B0}
		{D48A96C2-8512-4CC3-B6E4-7CFF07ED8ED3} = {3C7EA5F8-6E8C-4376-B499-2CAF596384B0}
		{08C40663-B6A3-481E-8755-AE32BAD99501} = {3C7EA5F8-6E8C-4376-B499-2CAF596384B0}
		{5FF6CD6C-515A-4D55-97B6-62AD9BCB77EA} = {3C7EA5F8-6E8C-4376-B499-2CAF596384B0}
		{D4C8F881-84D5-4A7B-8BDE-AB4E34A05374} = {3C7EA5F8-6E8C-4376-B499-2CAF596384B0}
	EndGlobalSection
	GlobalSection(ExtensibilityGlobals) = postSolution
		SolutionGuid = {2783B8FD-EA3B-4D6B-9F81-662D289E02AA}
	EndGlobalSection
EndGlobal
