<?xml version="1.0" encoding="utf-8"?>
<Project ToolsVersion="4.0" xmlns="http://schemas.microsoft.com/developer/msbuild/2003">
  <ItemGroup>
    <ClCompile Include="abi_guard.cpp" />
    <ClCompile Include="agile_ref.cpp" />
    <ClCompile Include="agility.cpp" />
    <ClCompile Include="array.cpp" />
    <ClCompile Include="async.cpp" />
    <ClCompile Include="casts.cpp" />
    <ClCompile Include="clock.cpp" />
    <ClCompile Include="com_ptr.cpp" />
    <ClCompile Include="delegate.cpp" />
    <ClCompile Include="delegate_lambda.cpp" />
    <ClCompile Include="event_consume.cpp" />
    <ClCompile Include="event_produce.cpp" />
    <ClCompile Include="handle.cpp" />
    <ClCompile Include="Hash.cpp" />
    <ClCompile Include="hresult_error.cpp" />
    <ClCompile Include="hstring.cpp" />
    <ClCompile Include="IInspectable_GetIids.cpp" />
    <ClCompile Include="IInspectable_GetRuntimeClassName.cpp" />
    <ClCompile Include="IInspectable_GetTrustLevel.cpp" />
    <ClCompile Include="IReference.cpp" />
    <ClCompile Include="IUnknown_QueryInterface.cpp" />
    <ClCompile Include="Main.cpp" />
    <ClCompile Include="make_self.cpp" />
    <ClCompile Include="marshal.cpp" />
    <ClCompile Include="meta.cpp" />
    <ClCompile Include="pch.cpp" />
    <ClCompile Include="produce.cpp" />
    <ClCompile Include="produce_async.cpp" />
    <ClCompile Include="produce_map.cpp" />
    <ClCompile Include="produce_vector.cpp" />
    <ClCompile Include="range_for.cpp" />
    <ClCompile Include="Reference.cpp" />
    <ClCompile Include="Release.cpp" />
    <ClCompile Include="struct.cpp" />
    <ClCompile Include="weak.cpp" />
    <ClCompile Include="as.cpp" />
    <ClCompile Include="param_iterable.cpp" />
    <ClCompile Include="single_threaded_map.cpp" />
    <ClCompile Include="single_threaded_vector.cpp" />
    <ClCompile Include="param_map_view.cpp" />
    <ClCompile Include="param_vector_view.cpp" />
    <ClCompile Include="param_vector.cpp" />
    <ClCompile Include="param_map.cpp" />
    <ClCompile Include="param_hstring.cpp" />
    <ClCompile Include="implements_nested.cpp" />
    <ClCompile Include="char16.cpp" />
    <ClCompile Include="error_chaining.cpp" />
    <ClCompile Include="constexpr.cpp" />
    <ClCompile Include="enum_flags.cpp" />
    <ClCompile Include="foundation.cpp" />
    <ClCompile Include="xaml_typename.cpp" />
    <ClCompile Include="properties.cpp" />
    <ClCompile Include="boxing.cpp" />
    <ClCompile Include="to_hstring.cpp" />
    <ClCompile Include="VariadicDelegate.cpp" />
    <ClCompile Include="as_implements.cpp" />
    <ClCompile Include="Bindable.cpp" />
    <ClCompile Include="Boxing2.cpp" />
    <ClCompile Include="Composable.cpp" />
    <ClCompile Include="Errors.cpp" />
    <ClCompile Include="Events.cpp" />
    <ClCompile Include="FastInput.cpp" />
    <ClCompile Include="FastStrings.cpp" />
    <ClCompile Include="Parameters.cpp" />
    <ClCompile Include="References.cpp" />
    <ClCompile Include="Security.cpp" />
    <ClCompile Include="Structures.cpp" />
    <ClCompile Include="StructCodeGen.cpp" />
    <ClCompile Include="factory_cache.cpp" />
    <ClCompile Include="TryLookup.cpp" />
    <ClCompile Include="get_activation_factory.cpp" />
    <ClCompile Include="collection_base.cpp" />
    <ClCompile Include="interop.cpp" />
    <ClCompile Include="Generics.cpp" />
    <ClCompile Include="hstring_builder.cpp" />
    <ClCompile Include="create_instance.cpp" />
    <ClCompile Include="apartment_context.cpp" />
    <ClCompile Include="lock.cpp" />
    <ClCompile Include="sdk.cpp" />
    <ClCompile Include="async_cancel.cpp" />
    <ClCompile Include="smart_pointers.cpp" />
    <ClCompile Include="delegate_weak_strong.cpp" />
    <ClCompile Include="buffer.cpp" />
    <ClCompile Include="conditional_implements.cpp" />
    <ClCompile Include="conditional_implements_pure.cpp" />
    <ClCompile Include="capture.cpp" />
    <ClCompile Include="com_ref.cpp" />
    <ClCompile Include="streams.cpp" />
  </ItemGroup>
  <ItemGroup>
    <ClInclude Include="catch.hpp" />
    <ClInclude Include="pch.h" />
    <ClInclude Include="produce_IPropertyValue.h" />
    <ClInclude Include="string_view_compare.h" />
  </ItemGroup>
</Project>