
Microsoft Visual Studio Solution File, Format Version 12.00
# Visual Studio Version 16
VisualStudioVersion = 16.0.29025.244
MinimumVisualStudioVersion = 10.0.40219.1
Project("{8BC9CEB8-8B4A-11D0-8D11-00A0C91BC942}") = "TestApp", "TestApp\TestApp.vcxproj", "{A8BDBDE9-1A3D-4F5E-8668-9F6E84790D44}"
EndProject
Project("{8BC9CEB8-8B4A-11D0-8D11-00A0C91BC942}") = "TestRuntimeComponent1", "TestRuntimeComponent1\TestRuntimeComponent1.vcxproj", "{E0EBBE54-C046-4611-B048-3CE893B1DF8A}"
EndProject
Project("{8BC9CEB8-8B4A-11D0-8D11-00A0C91BC942}") = "TestRuntimeComponent2", "TestRuntimeComponent2\TestRuntimeComponent2.vcxproj", "{4BBB2DE7-4596-4DA6-A923-E65E838363B5}"
EndProject
Project("{8BC9CEB8-8B4A-11D0-8D11-00A0C91BC942}") = "TestStaticLibrary1", "TestStaticLibrary1\TestStaticLibrary1.vcxproj", "{2158F418-CA97-4599-8103-EFC133850BAA}"
EndProject
Project("{8BC9CEB8-8B4A-11D0-8D11-00A0C91BC942}") = "TestStaticLibrary2", "TestStaticLibrary2\TestStaticLibrary2.vcxproj", "{0011F69F-2363-4DFD-B02A-1E7E909BCE89}"
EndProject
Project("{2150E333-8FDC-42A3-9474-1A3956D46DE8}") = "Solution Items", "Solution Items", "{41E05048-C8B0-4AB7-BE1B-D8D53E60A5E4}"
	ProjectSection(SolutionItems) = preProject
		Directory.Build.props = Directory.Build.props
		Directory.Build.targets = Directory.Build.targets
		..\..\nuget\Microsoft.Windows.CppWinRT.props = ..\..\nuget\Microsoft.Windows.CppWinRT.props
		..\..\nuget\Microsoft.Windows.CppWinRT.targets = ..\..\nuget\Microsoft.Windows.CppWinRT.targets
	EndProjectSection
EndProject
Project("{8BC9CEB8-8B4A-11D0-8D11-00A0C91BC942}") = "TestRuntimeComponent3", "TestRuntimeComponent3\TestRuntimeComponent3.vcxproj", "{C2820B98-A31F-46D0-A96D-B8F24392B049}"
EndProject
Project("{8BC9CEB8-8B4A-11D0-8D11-00A0C91BC942}") = "TestStaticLibrary3", "TestStaticLibrary3\TestStaticLibrary3.vcxproj", "{1350E626-038B-4BDF-8E1D-C751EF33D90F}"
EndProject
Project("{8BC9CEB8-8B4A-11D0-8D11-00A0C91BC942}") = "TestRuntimeComponentCX", "TestRuntimeComponentCX\TestRuntimeComponentCX.vcxproj", "{ADC53200-B456-4386-9851-5BF69DFB8928}"
EndProject
Project("{8BC9CEB8-8B4A-11D0-8D11-00A0C91BC942}") = "TestStaticLibrary4", "TestStaticLibrary4\TestStaticLibrary4.vcxproj", "{432068A4-B206-4468-9254-446CCEB15A2C}"
EndProject
Project("{8BC9CEB8-8B4A-11D0-8D11-00A0C91BC942}") = "TestRuntimeComponentEmpty", "TestRuntimeComponentEmpty\TestRuntimeComponentEmpty.vcxproj", "{8456C55F-BF01-4798-B79B-7388681C398F}"
EndProject
Project("{8BC9CEB8-8B4A-11D0-8D11-00A0C91BC942}") = "TestStaticLibrary5", "TestStaticLibrary5\TestStaticLibrary5.vcxproj", "{DC435C3F-C38E-43D1-B702-DC03F530A3CB}"
EndProject
Project("{8BC9CEB8-8B4A-11D0-8D11-00A0C91BC942}") = "TestStaticLibrary6", "TestStaticLibrary6\TestStaticLibrary6.vcxproj", "{DC435C3F-C38E-43D1-B702-DC03F530A3DD}"
EndProject
Project("{FAE04EC0-301F-11D3-BF4B-00C04F79EFBC}") = "TestRuntimeComponentCSharp", "TestRuntimeComponentCSharp\TestRuntimeComponentCSharp.csproj", "{C47F8562-A2B9-4BA3-87AC-B42D015E241D}"
EndProject
Project("{8BC9CEB8-8B4A-11D0-8D11-00A0C91BC942}") = "TestRuntimeComponentNamespaceUnderscore", "TestRuntimeComponentNamespaceUnderscore\TestRuntimeComponentNamespaceUnderscore.vcxproj", "{8717FA32-34A8-457D-B77B-AE005703EB55}"
EndProject
Project("{8BC9CEB8-8B4A-11D0-8D11-00A0C91BC942}") = "TestRuntimeComponentCXReferencingWinRTStaticLibrary", "TestRuntimeComponentCXReferencingWinRTStaticLibrary\TestRuntimeComponentCXReferencingWinRTStaticLibrary.vcxproj", "{FF846D79-F4B8-495A-9FB4-79BAAEB98E4F}"
EndProject
Project("{8BC9CEB8-8B4A-11D0-8D11-00A0C91BC942}") = "TestStaticLibrary7", "TestStaticLibrary7\TestStaticLibrary7.vcxproj", "{F89C2185-7834-443D-A449-53BD52FFEA3B}"
EndProject
Project("{8BC9CEB8-8B4A-11D0-8D11-00A0C91BC942}") = "ConsoleApplication1", "ConsoleApplication1\ConsoleApplication1.vcxproj", "{4DD64EAE-4B27-415A-863E-55CB8D5863DD}"
EndProject
Global
	GlobalSection(SolutionConfigurationPlatforms) = preSolution
		Debug|ARM = Debug|ARM
		Debug|ARM64 = Debug|ARM64
		Debug|x64 = Debug|x64
		Debug|x86 = Debug|x86
		Release|ARM = Release|ARM
		Release|ARM64 = Release|ARM64
		Release|x64 = Release|x64
		Release|x86 = Release|x86
	EndGlobalSection
	GlobalSection(ProjectConfigurationPlatforms) = postSolution
		{A8BDBDE9-1A3D-4F5E-8668-9F6E84790D44}.Debug|ARM.ActiveCfg = Debug|ARM
		{A8BDBDE9-1A3D-4F5E-8668-9F6E84790D44}.Debug|ARM.Build.0 = Debug|ARM
		{A8BDBDE9-1A3D-4F5E-8668-9F6E84790D44}.Debug|ARM.Deploy.0 = Debug|ARM
		{A8BDBDE9-1A3D-4F5E-8668-9F6E84790D44}.Debug|ARM64.ActiveCfg = Debug|Win32
		{A8BDBDE9-1A3D-4F5E-8668-9F6E84790D44}.Debug|x64.ActiveCfg = Debug|x64
		{A8BDBDE9-1A3D-4F5E-8668-9F6E84790D44}.Debug|x64.Build.0 = Debug|x64
		{A8BDBDE9-1A3D-4F5E-8668-9F6E84790D44}.Debug|x64.Deploy.0 = Debug|x64
		{A8BDBDE9-1A3D-4F5E-8668-9F6E84790D44}.Debug|x86.ActiveCfg = Debug|Win32
		{A8BDBDE9-1A3D-4F5E-8668-9F6E84790D44}.Debug|x86.Build.0 = Debug|Win32
		{A8BDBDE9-1A3D-4F5E-8668-9F6E84790D44}.Debug|x86.Deploy.0 = Debug|Win32
		{A8BDBDE9-1A3D-4F5E-8668-9F6E84790D44}.Release|ARM.ActiveCfg = Release|ARM
		{A8BDBDE9-1A3D-4F5E-8668-9F6E84790D44}.Release|ARM.Build.0 = Release|ARM
		{A8BDBDE9-1A3D-4F5E-8668-9F6E84790D44}.Release|ARM.Deploy.0 = Release|ARM
		{A8BDBDE9-1A3D-4F5E-8668-9F6E84790D44}.Release|ARM64.ActiveCfg = Release|Win32
		{A8BDBDE9-1A3D-4F5E-8668-9F6E84790D44}.Release|x64.ActiveCfg = Release|x64
		{A8BDBDE9-1A3D-4F5E-8668-9F6E84790D44}.Release|x64.Build.0 = Release|x64
		{A8BDBDE9-1A3D-4F5E-8668-9F6E84790D44}.Release|x64.Deploy.0 = Release|x64
		{A8BDBDE9-1A3D-4F5E-8668-9F6E84790D44}.Release|x86.ActiveCfg = Release|Win32
		{A8BDBDE9-1A3D-4F5E-8668-9F6E84790D44}.Release|x86.Build.0 = Release|Win32
		{A8BDBDE9-1A3D-4F5E-8668-9F6E84790D44}.Release|x86.Deploy.0 = Release|Win32
		{E0EBBE54-C046-4611-B048-3CE893B1DF8A}.Debug|ARM.ActiveCfg = Debug|ARM
		{E0EBBE54-C046-4611-B048-3CE893B1DF8A}.Debug|ARM.Build.0 = Debug|ARM
		{E0EBBE54-C046-4611-B048-3CE893B1DF8A}.Debug|ARM64.ActiveCfg = Debug|Win32
		{E0EBBE54-C046-4611-B048-3CE893B1DF8A}.Debug|x64.ActiveCfg = Debug|x64
		{E0EBBE54-C046-4611-B048-3CE893B1DF8A}.Debug|x64.Build.0 = Debug|x64
		{E0EBBE54-C046-4611-B048-3CE893B1DF8A}.Debug|x86.ActiveCfg = Debug|Win32
		{E0EBBE54-C046-4611-B048-3CE893B1DF8A}.Debug|x86.Build.0 = Debug|Win32
		{E0EBBE54-C046-4611-B048-3CE893B1DF8A}.Release|ARM.ActiveCfg = Release|ARM
		{E0EBBE54-C046-4611-B048-3CE893B1DF8A}.Release|ARM.Build.0 = Release|ARM
		{E0EBBE54-C046-4611-B048-3CE893B1DF8A}.Release|ARM64.ActiveCfg = Release|Win32
		{E0EBBE54-C046-4611-B048-3CE893B1DF8A}.Release|x64.ActiveCfg = Release|x64
		{E0EBBE54-C046-4611-B048-3CE893B1DF8A}.Release|x64.Build.0 = Release|x64
		{E0EBBE54-C046-4611-B048-3CE893B1DF8A}.Release|x86.ActiveCfg = Release|Win32
		{E0EBBE54-C046-4611-B048-3CE893B1DF8A}.Release|x86.Build.0 = Release|Win32
		{4BBB2DE7-4596-4DA6-A923-E65E838363B5}.Debug|ARM.ActiveCfg = Debug|ARM
		{4BBB2DE7-4596-4DA6-A923-E65E838363B5}.Debug|ARM.Build.0 = Debug|ARM
		{4BBB2DE7-4596-4DA6-A923-E65E838363B5}.Debug|ARM64.ActiveCfg = Debug|Win32
		{4BBB2DE7-4596-4DA6-A923-E65E838363B5}.Debug|x64.ActiveCfg = Debug|x64
		{4BBB2DE7-4596-4DA6-A923-E65E838363B5}.Debug|x64.Build.0 = Debug|x64
		{4BBB2DE7-4596-4DA6-A923-E65E838363B5}.Debug|x86.ActiveCfg = Debug|Win32
		{4BBB2DE7-4596-4DA6-A923-E65E838363B5}.Debug|x86.Build.0 = Debug|Win32
		{4BBB2DE7-4596-4DA6-A923-E65E838363B5}.Release|ARM.ActiveCfg = Release|ARM
		{4BBB2DE7-4596-4DA6-A923-E65E838363B5}.Release|ARM.Build.0 = Release|ARM
		{4BBB2DE7-4596-4DA6-A923-E65E838363B5}.Release|ARM64.ActiveCfg = Release|Win32
		{4BBB2DE7-4596-4DA6-A923-E65E838363B5}.Release|x64.ActiveCfg = Release|x64
		{4BBB2DE7-4596-4DA6-A923-E65E838363B5}.Release|x64.Build.0 = Release|x64
		{4BBB2DE7-4596-4DA6-A923-E65E838363B5}.Release|x86.ActiveCfg = Release|Win32
		{4BBB2DE7-4596-4DA6-A923-E65E838363B5}.Release|x86.Build.0 = Release|Win32
		{2158F418-CA97-4599-8103-EFC133850BAA}.Debug|ARM.ActiveCfg = Debug|Win32
		{2158F418-CA97-4599-8103-EFC133850BAA}.Debug|ARM64.ActiveCfg = Debug|Win32
		{2158F418-CA97-4599-8103-EFC133850BAA}.Debug|x64.ActiveCfg = Debug|x64
		{2158F418-CA97-4599-8103-EFC133850BAA}.Debug|x64.Build.0 = Debug|x64
		{2158F418-CA97-4599-8103-EFC133850BAA}.Debug|x86.ActiveCfg = Debug|Win32
		{2158F418-CA97-4599-8103-EFC133850BAA}.Debug|x86.Build.0 = Debug|Win32
		{2158F418-CA97-4599-8103-EFC133850BAA}.Release|ARM.ActiveCfg = Release|Win32
		{2158F418-CA97-4599-8103-EFC133850BAA}.Release|ARM64.ActiveCfg = Release|Win32
		{2158F418-CA97-4599-8103-EFC133850BAA}.Release|x64.ActiveCfg = Release|x64
		{2158F418-CA97-4599-8103-EFC133850BAA}.Release|x64.Build.0 = Release|x64
		{2158F418-CA97-4599-8103-EFC133850BAA}.Release|x86.ActiveCfg = Release|Win32
		{2158F418-CA97-4599-8103-EFC133850BAA}.Release|x86.Build.0 = Release|Win32
		{0011F69F-2363-4DFD-B02A-1E7E909BCE89}.Debug|ARM.ActiveCfg = Debug|Win32
		{0011F69F-2363-4DFD-B02A-1E7E909BCE89}.Debug|ARM64.ActiveCfg = Debug|Win32
		{0011F69F-2363-4DFD-B02A-1E7E909BCE89}.Debug|x64.ActiveCfg = Debug|x64
		{0011F69F-2363-4DFD-B02A-1E7E909BCE89}.Debug|x64.Build.0 = Debug|x64
		{0011F69F-2363-4DFD-B02A-1E7E909BCE89}.Debug|x86.ActiveCfg = Debug|Win32
		{0011F69F-2363-4DFD-B02A-1E7E909BCE89}.Debug|x86.Build.0 = Debug|Win32
		{0011F69F-2363-4DFD-B02A-1E7E909BCE89}.Release|ARM.ActiveCfg = Release|Win32
		{0011F69F-2363-4DFD-B02A-1E7E909BCE89}.Release|ARM64.ActiveCfg = Release|Win32
		{0011F69F-2363-4DFD-B02A-1E7E909BCE89}.Release|x64.ActiveCfg = Release|x64
		{0011F69F-2363-4DFD-B02A-1E7E909BCE89}.Release|x64.Build.0 = Release|x64
		{0011F69F-2363-4DFD-B02A-1E7E909BCE89}.Release|x86.ActiveCfg = Release|Win32
		{0011F69F-2363-4DFD-B02A-1E7E909BCE89}.Release|x86.Build.0 = Release|Win32
		{C2820B98-A31F-46D0-A96D-B8F24392B049}.Debug|ARM.ActiveCfg = Debug|ARM
		{C2820B98-A31F-46D0-A96D-B8F24392B049}.Debug|ARM.Build.0 = Debug|ARM
		{C2820B98-A31F-46D0-A96D-B8F24392B049}.Debug|ARM64.ActiveCfg = Debug|Win32
		{C2820B98-A31F-46D0-A96D-B8F24392B049}.Debug|x64.ActiveCfg = Debug|x64
		{C2820B98-A31F-46D0-A96D-B8F24392B049}.Debug|x64.Build.0 = Debug|x64
		{C2820B98-A31F-46D0-A96D-B8F24392B049}.Debug|x86.ActiveCfg = Debug|Win32
		{C2820B98-A31F-46D0-A96D-B8F24392B049}.Debug|x86.Build.0 = Debug|Win32
		{C2820B98-A31F-46D0-A96D-B8F24392B049}.Release|ARM.ActiveCfg = Release|ARM
		{C2820B98-A31F-46D0-A96D-B8F24392B049}.Release|ARM.Build.0 = Release|ARM
		{C2820B98-A31F-46D0-A96D-B8F24392B049}.Release|ARM64.ActiveCfg = Release|Win32
		{C2820B98-A31F-46D0-A96D-B8F24392B049}.Release|x64.ActiveCfg = Release|x64
		{C2820B98-A31F-46D0-A96D-B8F24392B049}.Release|x64.Build.0 = Release|x64
		{C2820B98-A31F-46D0-A96D-B8F24392B049}.Release|x86.ActiveCfg = Release|Win32
		{C2820B98-A31F-46D0-A96D-B8F24392B049}.Release|x86.Build.0 = Release|Win32
		{1350E626-038B-4BDF-8E1D-C751EF33D90F}.Debug|ARM.ActiveCfg = Debug|ARM
		{1350E626-038B-4BDF-8E1D-C751EF33D90F}.Debug|ARM.Build.0 = Debug|ARM
		{1350E626-038B-4BDF-8E1D-C751EF33D90F}.Debug|ARM64.ActiveCfg = Debug|Win32
		{1350E626-038B-4BDF-8E1D-C751EF33D90F}.Debug|x64.ActiveCfg = Debug|x64
		{1350E626-038B-4BDF-8E1D-C751EF33D90F}.Debug|x64.Build.0 = Debug|x64
		{1350E626-038B-4BDF-8E1D-C751EF33D90F}.Debug|x86.ActiveCfg = Debug|Win32
		{1350E626-038B-4BDF-8E1D-C751EF33D90F}.Debug|x86.Build.0 = Debug|Win32
		{1350E626-038B-4BDF-8E1D-C751EF33D90F}.Release|ARM.ActiveCfg = Release|ARM
		{1350E626-038B-4BDF-8E1D-C751EF33D90F}.Release|ARM.Build.0 = Release|ARM
		{1350E626-038B-4BDF-8E1D-C751EF33D90F}.Release|ARM64.ActiveCfg = Release|Win32
		{1350E626-038B-4BDF-8E1D-C751EF33D90F}.Release|x64.ActiveCfg = Release|x64
		{1350E626-038B-4BDF-8E1D-C751EF33D90F}.Release|x64.Build.0 = Release|x64
		{1350E626-038B-4BDF-8E1D-C751EF33D90F}.Release|x86.ActiveCfg = Release|Win32
		{1350E626-038B-4BDF-8E1D-C751EF33D90F}.Release|x86.Build.0 = Release|Win32
		{ADC53200-B456-4386-9851-5BF69DFB8928}.Debug|ARM.ActiveCfg = Debug|ARM
		{ADC53200-B456-4386-9851-5BF69DFB8928}.Debug|ARM.Build.0 = Debug|ARM
		{ADC53200-B456-4386-9851-5BF69DFB8928}.Debug|ARM64.ActiveCfg = Debug|ARM64
		{ADC53200-B456-4386-9851-5BF69DFB8928}.Debug|ARM64.Build.0 = Debug|ARM64
		{ADC53200-B456-4386-9851-5BF69DFB8928}.Debug|x64.ActiveCfg = Debug|x64
		{ADC53200-B456-4386-9851-5BF69DFB8928}.Debug|x64.Build.0 = Debug|x64
		{ADC53200-B456-4386-9851-5BF69DFB8928}.Debug|x86.ActiveCfg = Debug|Win32
		{ADC53200-B456-4386-9851-5BF69DFB8928}.Debug|x86.Build.0 = Debug|Win32
		{ADC53200-B456-4386-9851-5BF69DFB8928}.Release|ARM.ActiveCfg = Release|ARM
		{ADC53200-B456-4386-9851-5BF69DFB8928}.Release|ARM.Build.0 = Release|ARM
		{ADC53200-B456-4386-9851-5BF69DFB8928}.Release|ARM64.ActiveCfg = Release|ARM64
		{ADC53200-B456-4386-9851-5BF69DFB8928}.Release|ARM64.Build.0 = Release|ARM64
		{ADC53200-B456-4386-9851-5BF69DFB8928}.Release|x64.ActiveCfg = Release|x64
		{ADC53200-B456-4386-9851-5BF69DFB8928}.Release|x64.Build.0 = Release|x64
		{ADC53200-B456-4386-9851-5BF69DFB8928}.Release|x86.ActiveCfg = Release|Win32
		{ADC53200-B456-4386-9851-5BF69DFB8928}.Release|x86.Build.0 = Release|Win32
		{432068A4-B206-4468-9254-446CCEB15A2C}.Debug|ARM.ActiveCfg = Debug|ARM
		{432068A4-B206-4468-9254-446CCEB15A2C}.Debug|ARM.Build.0 = Debug|ARM
		{432068A4-B206-4468-9254-446CCEB15A2C}.Debug|ARM64.ActiveCfg = Debug|Win32
		{432068A4-B206-4468-9254-446CCEB15A2C}.Debug|x64.ActiveCfg = Debug|x64
		{432068A4-B206-4468-9254-446CCEB15A2C}.Debug|x64.Build.0 = Debug|x64
		{432068A4-B206-4468-9254-446CCEB15A2C}.Debug|x86.ActiveCfg = Debug|Win32
		{432068A4-B206-4468-9254-446CCEB15A2C}.Debug|x86.Build.0 = Debug|Win32
		{432068A4-B206-4468-9254-446CCEB15A2C}.Release|ARM.ActiveCfg = Release|ARM
		{432068A4-B206-4468-9254-446CCEB15A2C}.Release|ARM.Build.0 = Release|ARM
		{432068A4-B206-4468-9254-446CCEB15A2C}.Release|ARM64.ActiveCfg = Release|Win32
		{432068A4-B206-4468-9254-446CCEB15A2C}.Release|x64.ActiveCfg = Release|x64
		{432068A4-B206-4468-9254-446CCEB15A2C}.Release|x64.Build.0 = Release|x64
		{432068A4-B206-4468-9254-446CCEB15A2C}.Release|x86.ActiveCfg = Release|Win32
		{432068A4-B206-4468-9254-446CCEB15A2C}.Release|x86.Build.0 = Release|Win32
		{8456C55F-BF01-4798-B79B-7388681C398F}.Debug|ARM.ActiveCfg = Debug|ARM
		{8456C55F-BF01-4798-B79B-7388681C398F}.Debug|ARM.Build.0 = Debug|ARM
		{8456C55F-BF01-4798-B79B-7388681C398F}.Debug|ARM64.ActiveCfg = Debug|Win32
		{8456C55F-BF01-4798-B79B-7388681C398F}.Debug|x64.ActiveCfg = Debug|x64
		{8456C55F-BF01-4798-B79B-7388681C398F}.Debug|x64.Build.0 = Debug|x64
		{8456C55F-BF01-4798-B79B-7388681C398F}.Debug|x86.ActiveCfg = Debug|Win32
		{8456C55F-BF01-4798-B79B-7388681C398F}.Debug|x86.Build.0 = Debug|Win32
		{8456C55F-BF01-4798-B79B-7388681C398F}.Release|ARM.ActiveCfg = Release|ARM
		{8456C55F-BF01-4798-B79B-7388681C398F}.Release|ARM.Build.0 = Release|ARM
		{8456C55F-BF01-4798-B79B-7388681C398F}.Release|ARM64.ActiveCfg = Release|Win32
		{8456C55F-BF01-4798-B79B-7388681C398F}.Release|x64.ActiveCfg = Release|x64
		{8456C55F-BF01-4798-B79B-7388681C398F}.Release|x64.Build.0 = Release|x64
		{8456C55F-BF01-4798-B79B-7388681C398F}.Release|x86.ActiveCfg = Release|Win32
		{8456C55F-BF01-4798-B79B-7388681C398F}.Release|x86.Build.0 = Release|Win32
		{DC435C3F-C38E-43D1-B702-DC03F530A3CB}.Debug|ARM.ActiveCfg = Debug|ARM
		{DC435C3F-C38E-43D1-B702-DC03F530A3CB}.Debug|ARM.Build.0 = Debug|ARM
		{DC435C3F-C38E-43D1-B702-DC03F530A3CB}.Debug|ARM64.ActiveCfg = Debug|Win32
		{DC435C3F-C38E-43D1-B702-DC03F530A3CB}.Debug|x64.ActiveCfg = Debug|x64
		{DC435C3F-C38E-43D1-B702-DC03F530A3CB}.Debug|x64.Build.0 = Debug|x64
		{DC435C3F-C38E-43D1-B702-DC03F530A3CB}.Debug|x86.ActiveCfg = Debug|Win32
		{DC435C3F-C38E-43D1-B702-DC03F530A3CB}.Debug|x86.Build.0 = Debug|Win32
		{DC435C3F-C38E-43D1-B702-DC03F530A3CB}.Release|ARM.ActiveCfg = Release|ARM
		{DC435C3F-C38E-43D1-B702-DC03F530A3CB}.Release|ARM.Build.0 = Release|ARM
		{DC435C3F-C38E-43D1-B702-DC03F530A3CB}.Release|ARM64.ActiveCfg = Release|Win32
		{DC435C3F-C38E-43D1-B702-DC03F530A3CB}.Release|x64.ActiveCfg = Release|x64
		{DC435C3F-C38E-43D1-B702-DC03F530A3CB}.Release|x64.Build.0 = Release|x64
		{DC435C3F-C38E-43D1-B702-DC03F530A3CB}.Release|x86.ActiveCfg = Release|Win32
		{DC435C3F-C38E-43D1-B702-DC03F530A3CB}.Release|x86.Build.0 = Release|Win32
		{DC435C3F-C38E-43D1-B702-DC03F530A3DD}.Debug|ARM.ActiveCfg = Debug|ARM
		{DC435C3F-C38E-43D1-B702-DC03F530A3DD}.Debug|ARM.Build.0 = Debug|ARM
		{DC435C3F-C38E-43D1-B702-DC03F530A3DD}.Debug|ARM64.ActiveCfg = Debug|Win32
		{DC435C3F-C38E-43D1-B702-DC03F530A3DD}.Debug|x64.ActiveCfg = Debug|x64
		{DC435C3F-C38E-43D1-B702-DC03F530A3DD}.Debug|x64.Build.0 = Debug|x64
		{DC435C3F-C38E-43D1-B702-DC03F530A3DD}.Debug|x86.ActiveCfg = Debug|Win32
		{DC435C3F-C38E-43D1-B702-DC03F530A3DD}.Debug|x86.Build.0 = Debug|Win32
		{DC435C3F-C38E-43D1-B702-DC03F530A3DD}.Release|ARM.ActiveCfg = Release|ARM
		{DC435C3F-C38E-43D1-B702-DC03F530A3DD}.Release|ARM.Build.0 = Release|ARM
		{DC435C3F-C38E-43D1-B702-DC03F530A3DD}.Release|ARM64.ActiveCfg = Release|Win32
		{DC435C3F-C38E-43D1-B702-DC03F530A3DD}.Release|x64.ActiveCfg = Release|x64
		{DC435C3F-C38E-43D1-B702-DC03F530A3DD}.Release|x64.Build.0 = Release|x64
		{DC435C3F-C38E-43D1-B702-DC03F530A3DD}.Release|x86.ActiveCfg = Release|Win32
		{DC435C3F-C38E-43D1-B702-DC03F530A3DD}.Release|x86.Build.0 = Release|Win32
		{C47F8562-A2B9-4BA3-87AC-B42D015E241D}.Debug|ARM.ActiveCfg = Debug|ARM
		{C47F8562-A2B9-4BA3-87AC-B42D015E241D}.Debug|ARM.Build.0 = Debug|ARM
		{C47F8562-A2B9-4BA3-87AC-B42D015E241D}.Debug|ARM64.ActiveCfg = Debug|ARM64
		{C47F8562-A2B9-4BA3-87AC-B42D015E241D}.Debug|ARM64.Build.0 = Debug|ARM64
		{C47F8562-A2B9-4BA3-87AC-B42D015E241D}.Debug|x64.ActiveCfg = Debug|x64
		{C47F8562-A2B9-4BA3-87AC-B42D015E241D}.Debug|x64.Build.0 = Debug|x64
		{C47F8562-A2B9-4BA3-87AC-B42D015E241D}.Debug|x86.ActiveCfg = Debug|x86
		{C47F8562-A2B9-4BA3-87AC-B42D015E241D}.Debug|x86.Build.0 = Debug|x86
		{C47F8562-A2B9-4BA3-87AC-B42D015E241D}.Release|ARM.ActiveCfg = Release|ARM
		{C47F8562-A2B9-4BA3-87AC-B42D015E241D}.Release|ARM.Build.0 = Release|ARM
		{C47F8562-A2B9-4BA3-87AC-B42D015E241D}.Release|ARM64.ActiveCfg = Release|ARM64
		{C47F8562-A2B9-4BA3-87AC-B42D015E241D}.Release|ARM64.Build.0 = Release|ARM64
		{C47F8562-A2B9-4BA3-87AC-B42D015E241D}.Release|x64.ActiveCfg = Release|x64
		{C47F8562-A2B9-4BA3-87AC-B42D015E241D}.Release|x64.Build.0 = Release|x64
		{C47F8562-A2B9-4BA3-87AC-B42D015E241D}.Release|x86.ActiveCfg = Release|x86
		{C47F8562-A2B9-4BA3-87AC-B42D015E241D}.Release|x86.Build.0 = Release|x86
		{8717FA32-34A8-457D-B77B-AE005703EB55}.Debug|ARM.ActiveCfg = Debug|ARM
		{8717FA32-34A8-457D-B77B-AE005703EB55}.Debug|ARM.Build.0 = Debug|ARM
		{8717FA32-34A8-457D-B77B-AE005703EB55}.Debug|ARM64.ActiveCfg = Debug|Win32
		{8717FA32-34A8-457D-B77B-AE005703EB55}.Debug|x64.ActiveCfg = Debug|x64
		{8717FA32-34A8-457D-B77B-AE005703EB55}.Debug|x64.Build.0 = Debug|x64
		{8717FA32-34A8-457D-B77B-AE005703EB55}.Debug|x86.ActiveCfg = Debug|Win32
		{8717FA32-34A8-457D-B77B-AE005703EB55}.Debug|x86.Build.0 = Debug|Win32
		{8717FA32-34A8-457D-B77B-AE005703EB55}.Release|ARM.ActiveCfg = Release|ARM
		{8717FA32-34A8-457D-B77B-AE005703EB55}.Release|ARM.Build.0 = Release|ARM
		{8717FA32-34A8-457D-B77B-AE005703EB55}.Release|ARM64.ActiveCfg = Release|Win32
		{8717FA32-34A8-457D-B77B-AE005703EB55}.Release|x64.ActiveCfg = Release|x64
		{8717FA32-34A8-457D-B77B-AE005703EB55}.Release|x64.Build.0 = Release|x64
		{8717FA32-34A8-457D-B77B-AE005703EB55}.Release|x86.ActiveCfg = Release|Win32
		{8717FA32-34A8-457D-B77B-AE005703EB55}.Release|x86.Build.0 = Release|Win32
		{FF846D79-F4B8-495A-9FB4-79BAAEB98E4F}.Debug|ARM.ActiveCfg = Debug|ARM
		{FF846D79-F4B8-495A-9FB4-79BAAEB98E4F}.Debug|ARM.Build.0 = Debug|ARM
		{FF846D79-F4B8-495A-9FB4-79BAAEB98E4F}.Debug|ARM64.ActiveCfg = Debug|ARM64
		{FF846D79-F4B8-495A-9FB4-79BAAEB98E4F}.Debug|ARM64.Build.0 = Debug|ARM64
		{FF846D79-F4B8-495A-9FB4-79BAAEB98E4F}.Debug|x64.ActiveCfg = Debug|x64
		{FF846D79-F4B8-495A-9FB4-79BAAEB98E4F}.Debug|x64.Build.0 = Debug|x64
		{FF846D79-F4B8-495A-9FB4-79BAAEB98E4F}.Debug|x86.ActiveCfg = Debug|Win32
		{FF846D79-F4B8-495A-9FB4-79BAAEB98E4F}.Debug|x86.Build.0 = Debug|Win32
		{FF846D79-F4B8-495A-9FB4-79BAAEB98E4F}.Release|ARM.ActiveCfg = Release|ARM
		{FF846D79-F4B8-495A-9FB4-79BAAEB98E4F}.Release|ARM.Build.0 = Release|ARM
		{FF846D79-F4B8-495A-9FB4-79BAAEB98E4F}.Release|ARM64.ActiveCfg = Release|ARM64
		{FF846D79-F4B8-495A-9FB4-79BAAEB98E4F}.Release|ARM64.Build.0 = Release|ARM64
		{FF846D79-F4B8-495A-9FB4-79BAAEB98E4F}.Release|x64.ActiveCfg = Release|x64
		{FF846D79-F4B8-495A-9FB4-79BAAEB98E4F}.Release|x64.Build.0 = Release|x64
		{FF846D79-F4B8-495A-9FB4-79BAAEB98E4F}.Release|x86.ActiveCfg = Release|Win32
		{FF846D79-F4B8-495A-9FB4-79BAAEB98E4F}.Release|x86.Build.0 = Release|Win32
		{F89C2185-7834-443D-A449-53BD52FFEA3B}.Debug|ARM.ActiveCfg = Debug|ARM
		{F89C2185-7834-443D-A449-53BD52FFEA3B}.Debug|ARM.Build.0 = Debug|ARM
		{F89C2185-7834-443D-A449-53BD52FFEA3B}.Debug|ARM64.ActiveCfg = Debug|Win32
		{F89C2185-7834-443D-A449-53BD52FFEA3B}.Debug|x64.ActiveCfg = Debug|x64
		{F89C2185-7834-443D-A449-53BD52FFEA3B}.Debug|x64.Build.0 = Debug|x64
		{F89C2185-7834-443D-A449-53BD52FFEA3B}.Debug|x86.ActiveCfg = Debug|Win32
		{F89C2185-7834-443D-A449-53BD52FFEA3B}.Debug|x86.Build.0 = Debug|Win32
		{F89C2185-7834-443D-A449-53BD52FFEA3B}.Release|ARM.ActiveCfg = Release|ARM
		{F89C2185-7834-443D-A449-53BD52FFEA3B}.Release|ARM.Build.0 = Release|ARM
		{F89C2185-7834-443D-A449-53BD52FFEA3B}.Release|ARM64.ActiveCfg = Release|Win32
		{F89C2185-7834-443D-A449-53BD52FFEA3B}.Release|x64.ActiveCfg = Release|x64
		{F89C2185-7834-443D-A449-53BD52FFEA3B}.Release|x64.Build.0 = Release|x64
		{F89C2185-7834-443D-A449-53BD52FFEA3B}.Release|x86.ActiveCfg = Release|Win32
		{F89C2185-7834-443D-A449-53BD52FFEA3B}.Release|x86.Build.0 = Release|Win32
		{4DD64EAE-4B27-415A-863E-55CB8D5863DD}.Debug|ARM.ActiveCfg = Debug|Win32
		{4DD64EAE-4B27-415A-863E-55CB8D5863DD}.Debug|ARM64.ActiveCfg = Debug|Win32
		{4DD64EAE-4B27-415A-863E-55CB8D5863DD}.Debug|x64.ActiveCfg = Debug|x64
		{4DD64EAE-4B27-415A-863E-55CB8D5863DD}.Debug|x64.Build.0 = Debug|x64
		{4DD64EAE-4B27-415A-863E-55CB8D5863DD}.Debug|x86.ActiveCfg = Debug|Win32
		{4DD64EAE-4B27-415A-863E-55CB8D5863DD}.Debug|x86.Build.0 = Debug|Win32
		{4DD64EAE-4B27-415A-863E-55CB8D5863DD}.Release|ARM.ActiveCfg = Release|Win32
		{4DD64EAE-4B27-415A-863E-55CB8D5863DD}.Release|ARM64.ActiveCfg = Release|Win32
		{4DD64EAE-4B27-415A-863E-55CB8D5863DD}.Release|x64.ActiveCfg = Release|x64
		{4DD64EAE-4B27-415A-863E-55CB8D5863DD}.Release|x64.Build.0 = Release|x64
		{4DD64EAE-4B27-415A-863E-55CB8D5863DD}.Release|x86.ActiveCfg = Release|Win32
		{4DD64EAE-4B27-415A-863E-55CB8D5863DD}.Release|x86.Build.0 = Release|Win32
	EndGlobalSection
	GlobalSection(SolutionProperties) = preSolution
		HideSolutionNode = FALSE
	EndGlobalSection
	GlobalSection(ExtensibilityGlobals) = postSolution
		SolutionGuid = {152238CB-2528-4C5C-B09A-06C1F48C41C0}
	EndGlobalSection
EndGlobal
