<?xml version="1.0" encoding="utf-8"?>
<Project ToolsVersion="4.0" xmlns="http://schemas.microsoft.com/developer/msbuild/2003">
  <ItemGroup>
    <ClCompile Include="App.cpp" />
    <ClCompile Include="pch.cpp" />
  </ItemGroup>
  <ItemGroup>
    <ClInclude Include="pch.h" />
  </ItemGroup>
  <ItemGroup>
    <Image Include="Assets\SmallLogo.scale-100.png">
      <Filter>Package</Filter>
    </Image>
    <Image Include="Assets\StoreLogo.scale-100.png">
      <Filter>Package</Filter>
    </Image>
    <Image Include="Assets\SplashScreen.scale-100.png">
      <Filter>Package</Filter>
    </Image>
    <Image Include="Assets\WideLogo.scale-100.png">
      <Filter>Package</Filter>
    </Image>
    <Image Include="Assets\Logo.scale-100.png">
      <Filter>Package</Filter>
    </Image>
  </ItemGroup>
  <ItemGroup>
    <None Include="MainPage.xaml" />
    <None Include="XamlMarkup_TemporaryKey.pfx" />
  </ItemGroup>
  <ItemGroup>
    <Filter Include="Package">
      <UniqueIdentifier>{631c0d92-6bce-4f67-bc90-2b7c13704155}</UniqueIdentifier>
    </Filter>
  </ItemGroup>
  <ItemGroup>
    <AppxManifest Include="Package.appxmanifest">
      <Filter>Package</Filter>
    </AppxManifest>
  </ItemGroup>
</Project>